
# THIS IS AN AUTOGENERATED FILE. DO NOT EDIT THIS FILE DIRECTLY.
# yarn lockfile v1


"@babel/code-frame@^7.0.0", "@babel/code-frame@^7.5.5":
  version "7.5.5"
  resolved "https://registry.yarnpkg.com/@babel/code-frame/-/code-frame-7.5.5.tgz#bc0782f6d69f7b7d49531219699b988f669a8f9d"
  integrity sha512-27d4lZoomVyo51VegxI20xZPuSHusqbQag/ztrBC7wegWoQ1nLREPVSKSW8byhTlzTKyNE4ifaTA6lCp7JjpFw==
  dependencies:
    "@babel/highlight" "^7.0.0"

"@babel/core@^7.1.0":
  version "7.7.7"
  resolved "https://registry.yarnpkg.com/@babel/core/-/core-7.7.7.tgz#ee155d2e12300bcc0cff6a8ad46f2af5063803e9"
  integrity sha512-jlSjuj/7z138NLZALxVgrx13AOtqip42ATZP7+kYl53GvDV6+4dCek1mVUo8z8c8Xnw/mx2q3d9HWh3griuesQ==
  dependencies:
    "@babel/code-frame" "^7.5.5"
    "@babel/generator" "^7.7.7"
    "@babel/helpers" "^7.7.4"
    "@babel/parser" "^7.7.7"
    "@babel/template" "^7.7.4"
    "@babel/traverse" "^7.7.4"
    "@babel/types" "^7.7.4"
    convert-source-map "^1.7.0"
    debug "^4.1.0"
    json5 "^2.1.0"
    lodash "^4.17.13"
    resolve "^1.3.2"
    semver "^5.4.1"
    source-map "^0.5.0"

"@babel/generator@^7.4.0", "@babel/generator@^7.7.4", "@babel/generator@^7.7.7":
  version "7.7.7"
  resolved "https://registry.yarnpkg.com/@babel/generator/-/generator-7.7.7.tgz#859ac733c44c74148e1a72980a64ec84b85f4f45"
  integrity sha512-/AOIBpHh/JU1l0ZFS4kiRCBnLi6OTHzh0RPk3h9isBxkkqELtQNFi1Vr/tiG9p1yfoUdKVwISuXWQR+hwwM4VQ==
  dependencies:
    "@babel/types" "^7.7.4"
    jsesc "^2.5.1"
    lodash "^4.17.13"
    source-map "^0.5.0"

"@babel/helper-function-name@^7.7.4":
  version "7.7.4"
  resolved "https://registry.yarnpkg.com/@babel/helper-function-name/-/helper-function-name-7.7.4.tgz#ab6e041e7135d436d8f0a3eca15de5b67a341a2e"
  integrity sha512-AnkGIdiBhEuiwdoMnKm7jfPfqItZhgRaZfMg1XX3bS25INOnLPjPG1Ppnajh8eqgt5kPJnfqrRHqFqmjKDZLzQ==
  dependencies:
    "@babel/helper-get-function-arity" "^7.7.4"
    "@babel/template" "^7.7.4"
    "@babel/types" "^7.7.4"

"@babel/helper-get-function-arity@^7.7.4":
  version "7.7.4"
  resolved "https://registry.yarnpkg.com/@babel/helper-get-function-arity/-/helper-get-function-arity-7.7.4.tgz#cb46348d2f8808e632f0ab048172130e636005f0"
  integrity sha512-QTGKEdCkjgzgfJ3bAyRwF4yyT3pg+vDgan8DSivq1eS0gwi+KGKE5x8kRcbeFTb/673mkO5SN1IZfmCfA5o+EA==
  dependencies:
    "@babel/types" "^7.7.4"

"@babel/helper-plugin-utils@^7.0.0":
  version "7.0.0"
  resolved "https://registry.yarnpkg.com/@babel/helper-plugin-utils/-/helper-plugin-utils-7.0.0.tgz#bbb3fbee98661c569034237cc03967ba99b4f250"
  integrity sha512-CYAOUCARwExnEixLdB6sDm2dIJ/YgEAKDM1MOeMeZu9Ld/bDgVo8aiWrXwcY7OBh+1Ea2uUcVRcxKk0GJvW7QA==

"@babel/helper-split-export-declaration@^7.7.4":
  version "7.7.4"
  resolved "https://registry.yarnpkg.com/@babel/helper-split-export-declaration/-/helper-split-export-declaration-7.7.4.tgz#57292af60443c4a3622cf74040ddc28e68336fd8"
  integrity sha512-guAg1SXFcVr04Guk9eq0S4/rWS++sbmyqosJzVs8+1fH5NI+ZcmkaSkc7dmtAFbHFva6yRJnjW3yAcGxjueDug==
  dependencies:
    "@babel/types" "^7.7.4"

"@babel/helpers@^7.7.4":
  version "7.7.4"
  resolved "https://registry.yarnpkg.com/@babel/helpers/-/helpers-7.7.4.tgz#62c215b9e6c712dadc15a9a0dcab76c92a940302"
  integrity sha512-ak5NGZGJ6LV85Q1Zc9gn2n+ayXOizryhjSUBTdu5ih1tlVCJeuQENzc4ItyCVhINVXvIT/ZQ4mheGIsfBkpskg==
  dependencies:
    "@babel/template" "^7.7.4"
    "@babel/traverse" "^7.7.4"
    "@babel/types" "^7.7.4"

"@babel/highlight@^7.0.0":
  version "7.5.0"
  resolved "https://registry.yarnpkg.com/@babel/highlight/-/highlight-7.5.0.tgz#56d11312bd9248fa619591d02472be6e8cb32540"
  integrity sha512-7dV4eu9gBxoM0dAnj/BCFDW9LFU0zvTrkq0ugM7pnHEgguOEeOz1so2ZghEdzviYzQEED0r4EAgpsBChKy1TRQ==
  dependencies:
    chalk "^2.0.0"
    esutils "^2.0.2"
    js-tokens "^4.0.0"

"@babel/parser@^7.1.0", "@babel/parser@^7.4.3", "@babel/parser@^7.7.4", "@babel/parser@^7.7.7":
  version "7.7.7"
  resolved "https://registry.yarnpkg.com/@babel/parser/-/parser-7.7.7.tgz#1b886595419cf92d811316d5b715a53ff38b4937"
  integrity sha512-WtTZMZAZLbeymhkd/sEaPD8IQyGAhmuTuvTzLiCFM7iXiVdY0gc0IaI+cW0fh1BnSMbJSzXX6/fHllgHKwHhXw==

"@babel/plugin-syntax-object-rest-spread@^7.0.0":
  version "7.7.4"
  resolved "https://registry.yarnpkg.com/@babel/plugin-syntax-object-rest-spread/-/plugin-syntax-object-rest-spread-7.7.4.tgz#47cf220d19d6d0d7b154304701f468fc1cc6ff46"
  integrity sha512-mObR+r+KZq0XhRVS2BrBKBpr5jqrqzlPvS9C9vuOf5ilSwzloAl7RPWLrgKdWS6IreaVrjHxTjtyqFiOisaCwg==
  dependencies:
    "@babel/helper-plugin-utils" "^7.0.0"

"@babel/template@^7.4.0", "@babel/template@^7.7.4":
  version "7.7.4"
  resolved "https://registry.yarnpkg.com/@babel/template/-/template-7.7.4.tgz#428a7d9eecffe27deac0a98e23bf8e3675d2a77b"
  integrity sha512-qUzihgVPguAzXCK7WXw8pqs6cEwi54s3E+HrejlkuWO6ivMKx9hZl3Y2fSXp9i5HgyWmj7RKP+ulaYnKM4yYxw==
  dependencies:
    "@babel/code-frame" "^7.0.0"
    "@babel/parser" "^7.7.4"
    "@babel/types" "^7.7.4"

"@babel/traverse@^7.1.0", "@babel/traverse@^7.4.3", "@babel/traverse@^7.7.4":
  version "7.7.4"
  resolved "https://registry.yarnpkg.com/@babel/traverse/-/traverse-7.7.4.tgz#9c1e7c60fb679fe4fcfaa42500833333c2058558"
  integrity sha512-P1L58hQyupn8+ezVA2z5KBm4/Zr4lCC8dwKCMYzsa5jFMDMQAzaBNy9W5VjB+KAmBjb40U7a/H6ao+Xo+9saIw==
  dependencies:
    "@babel/code-frame" "^7.5.5"
    "@babel/generator" "^7.7.4"
    "@babel/helper-function-name" "^7.7.4"
    "@babel/helper-split-export-declaration" "^7.7.4"
    "@babel/parser" "^7.7.4"
    "@babel/types" "^7.7.4"
    debug "^4.1.0"
    globals "^11.1.0"
    lodash "^4.17.13"

"@babel/types@^7.0.0", "@babel/types@^7.3.0", "@babel/types@^7.4.0", "@babel/types@^7.7.4":
  version "7.7.4"
  resolved "https://registry.yarnpkg.com/@babel/types/-/types-7.7.4.tgz#516570d539e44ddf308c07569c258ff94fde9193"
  integrity sha512-cz5Ji23KCi4T+YIE/BolWosrJuSmoZeN1EFnRtBwF+KKLi8GG/Z2c2hOJJeCXPk4mwk4QFvTmwIodJowXgttRA==
  dependencies:
    esutils "^2.0.2"
    lodash "^4.17.13"
    to-fast-properties "^2.0.0"

"@bottender/express@^1.0.0":
  version "1.0.0"
  resolved "https://registry.yarnpkg.com/@bottender/express/-/express-1.0.0.tgz#23784b605ff755947f9d1b850dc02b1caa686559"
  integrity sha512-kUmT2NvA8mK9TzKfTaL7exR3W3ER7rDsikaPNs+8lDLWRPANbJUA5kooXlWHXVJhueVebPq185MbceH+/L3PoA==
  dependencies:
    body-parser "^1.19.0"
    express "^4.17.1"
    lodash "^4.17.15"

"@cnakazawa/watch@^1.0.3":
  version "1.0.3"
  resolved "https://registry.yarnpkg.com/@cnakazawa/watch/-/watch-1.0.3.tgz#099139eaec7ebf07a27c1786a3ff64f39464d2ef"
  integrity sha512-r5160ogAvGyHsal38Kux7YYtodEKOj89RGb28ht1jh3SJb08VwRwAKKJL0bGb04Zd/3r9FL3BFIc3bBidYffCA==
  dependencies:
    exec-sh "^0.3.2"
    minimist "^1.2.0"

"@hapi/address@2.x.x":
  version "2.1.4"
  resolved "https://registry.yarnpkg.com/@hapi/address/-/address-2.1.4.tgz#5d67ed43f3fd41a69d4b9ff7b56e7c0d1d0a81e5"
  integrity sha512-QD1PhQk+s31P1ixsX0H0Suoupp3VMXzIVMSwobR3F3MSUO2YCV0B7xqLcUw/Bh8yuvd3LhpyqLQWTNcRmp6IdQ==

"@hapi/bourne@1.x.x":
  version "1.3.2"
  resolved "https://registry.yarnpkg.com/@hapi/bourne/-/bourne-1.3.2.tgz#0a7095adea067243ce3283e1b56b8a8f453b242a"
  integrity sha512-1dVNHT76Uu5N3eJNTYcvxee+jzX4Z9lfciqRRHCU27ihbUcYi+iSc2iml5Ke1LXe1SyJCLA0+14Jh4tXJgOppA==

"@hapi/hoek@8.x.x", "@hapi/hoek@^8.3.0":
  version "8.5.0"
  resolved "https://registry.yarnpkg.com/@hapi/hoek/-/hoek-8.5.0.tgz#2f9ce301c8898e1c3248b0a8564696b24d1a9a5a"
  integrity sha512-7XYT10CZfPsH7j9F1Jmg1+d0ezOux2oM2GfArAzLwWe4mE2Dr3hVjsAL6+TFY49RRJlCdJDMw3nJsLFroTc8Kw==

"@hapi/joi@^15.1.1":
  version "15.1.1"
  resolved "https://registry.yarnpkg.com/@hapi/joi/-/joi-15.1.1.tgz#c675b8a71296f02833f8d6d243b34c57b8ce19d7"
  integrity sha512-entf8ZMOK8sc+8YfeOlM8pCfg3b5+WZIKBfUaaJT8UsjAAPjartzxIYm3TIbjvA4u+u++KbcXD38k682nVHDAQ==
  dependencies:
    "@hapi/address" "2.x.x"
    "@hapi/bourne" "1.x.x"
    "@hapi/hoek" "8.x.x"
    "@hapi/topo" "3.x.x"

"@hapi/topo@3.x.x":
  version "3.1.6"
  resolved "https://registry.yarnpkg.com/@hapi/topo/-/topo-3.1.6.tgz#68d935fa3eae7fdd5ab0d7f953f3205d8b2bfc29"
  integrity sha512-tAag0jEcjwH+P2quUfipd7liWCNX2F8NvYjQp2wtInsZxnMlypdw0FtAOLxtvvkO+GSRRbmNi8m/5y42PQJYCQ==
  dependencies:
    "@hapi/hoek" "^8.3.0"

"@jest/console@^24.7.1", "@jest/console@^24.9.0":
  version "24.9.0"
  resolved "https://registry.yarnpkg.com/@jest/console/-/console-24.9.0.tgz#79b1bc06fb74a8cfb01cbdedf945584b1b9707f0"
  integrity sha512-Zuj6b8TnKXi3q4ymac8EQfc3ea/uhLeCGThFqXeC8H9/raaH8ARPUTdId+XyGd03Z4In0/VjD2OYFcBF09fNLQ==
  dependencies:
    "@jest/source-map" "^24.9.0"
    chalk "^2.0.1"
    slash "^2.0.0"

"@jest/core@^24.9.0":
  version "24.9.0"
  resolved "https://registry.yarnpkg.com/@jest/core/-/core-24.9.0.tgz#2ceccd0b93181f9c4850e74f2a9ad43d351369c4"
  integrity sha512-Fogg3s4wlAr1VX7q+rhV9RVnUv5tD7VuWfYy1+whMiWUrvl7U3QJSJyWcDio9Lq2prqYsZaeTv2Rz24pWGkJ2A==
  dependencies:
    "@jest/console" "^24.7.1"
    "@jest/reporters" "^24.9.0"
    "@jest/test-result" "^24.9.0"
    "@jest/transform" "^24.9.0"
    "@jest/types" "^24.9.0"
    ansi-escapes "^3.0.0"
    chalk "^2.0.1"
    exit "^0.1.2"
    graceful-fs "^4.1.15"
    jest-changed-files "^24.9.0"
    jest-config "^24.9.0"
    jest-haste-map "^24.9.0"
    jest-message-util "^24.9.0"
    jest-regex-util "^24.3.0"
    jest-resolve "^24.9.0"
    jest-resolve-dependencies "^24.9.0"
    jest-runner "^24.9.0"
    jest-runtime "^24.9.0"
    jest-snapshot "^24.9.0"
    jest-util "^24.9.0"
    jest-validate "^24.9.0"
    jest-watcher "^24.9.0"
    micromatch "^3.1.10"
    p-each-series "^1.0.0"
    realpath-native "^1.1.0"
    rimraf "^2.5.4"
    slash "^2.0.0"
    strip-ansi "^5.0.0"

"@jest/environment@^24.9.0":
  version "24.9.0"
  resolved "https://registry.yarnpkg.com/@jest/environment/-/environment-24.9.0.tgz#21e3afa2d65c0586cbd6cbefe208bafade44ab18"
  integrity sha512-5A1QluTPhvdIPFYnO3sZC3smkNeXPVELz7ikPbhUj0bQjB07EoE9qtLrem14ZUYWdVayYbsjVwIiL4WBIMV4aQ==
  dependencies:
    "@jest/fake-timers" "^24.9.0"
    "@jest/transform" "^24.9.0"
    "@jest/types" "^24.9.0"
    jest-mock "^24.9.0"

"@jest/fake-timers@^24.9.0":
  version "24.9.0"
  resolved "https://registry.yarnpkg.com/@jest/fake-timers/-/fake-timers-24.9.0.tgz#ba3e6bf0eecd09a636049896434d306636540c93"
  integrity sha512-eWQcNa2YSwzXWIMC5KufBh3oWRIijrQFROsIqt6v/NS9Io/gknw1jsAC9c+ih/RQX4A3O7SeWAhQeN0goKhT9A==
  dependencies:
    "@jest/types" "^24.9.0"
    jest-message-util "^24.9.0"
    jest-mock "^24.9.0"

"@jest/reporters@^24.9.0":
  version "24.9.0"
  resolved "https://registry.yarnpkg.com/@jest/reporters/-/reporters-24.9.0.tgz#86660eff8e2b9661d042a8e98a028b8d631a5b43"
  integrity sha512-mu4X0yjaHrffOsWmVLzitKmmmWSQ3GGuefgNscUSWNiUNcEOSEQk9k3pERKEQVBb0Cnn88+UESIsZEMH3o88Gw==
  dependencies:
    "@jest/environment" "^24.9.0"
    "@jest/test-result" "^24.9.0"
    "@jest/transform" "^24.9.0"
    "@jest/types" "^24.9.0"
    chalk "^2.0.1"
    exit "^0.1.2"