# THIS IS AN AUTOGENERATED FILE. DO NOT EDIT THIS FILE DIRECTLY.
# yarn lockfile v1


"@babel/code-frame@^7.0.0", "@babel/code-frame@^7.8.3":
  version "7.8.3"
  resolved "https://registry.yarnpkg.com/@babel/code-frame/-/code-frame-7.8.3.tgz#33e25903d7481181534e12ec0a25f16b6fcf419e"
  integrity sha512-a9gxpmdXtZEInkCSHUJDLHZVBgb1QS0jhss4cPP93EW7s+uC5bikET2twEF3KV+7rDblJcmNvTR7VJejqd2C2g==
  dependencies:
    "@babel/highlight" "^7.8.3"

"@babel/core@^7.1.0":
  version "7.8.3"
  resolved "https://registry.yarnpkg.com/@babel/core/-/core-7.8.3.tgz#30b0ebb4dd1585de6923a0b4d179e0b9f5d82941"
  integrity sha512-4XFkf8AwyrEG7Ziu3L2L0Cv+WyY47Tcsp70JFmpftbAA1K7YL/sgE9jh9HyNj08Y/U50ItUchpN0w6HxAoX1rA==
  dependencies:
    "@babel/code-frame" "^7.8.3"
    "@babel/generator" "^7.8.3"
    "@babel/helpers" "^7.8.3"
    "@babel/parser" "^7.8.3"
    "@babel/template" "^7.8.3"
    "@babel/traverse" "^7.8.3"
    "@babel/types" "^7.8.3"
    convert-source-map "^1.7.0"
    debug "^4.1.0"
    gensync "^1.0.0-beta.1"
    json5 "^2.1.0"
    lodash "^4.17.13"
    resolve "^1.3.2"
    semver "^5.4.1"
    source-map "^0.5.0"

"@babel/generator@^7.4.0", "@babel/generator@^7.8.3":
  version "7.8.3"
  resolved "https://registry.yarnpkg.com/@babel/generator/-/generator-7.8.3.tgz#0e22c005b0a94c1c74eafe19ef78ce53a4d45c03"
  integrity sha512-WjoPk8hRpDRqqzRpvaR8/gDUPkrnOOeuT2m8cNICJtZH6mwaCo3v0OKMI7Y6SM1pBtyijnLtAL0HDi41pf41ug==
  dependencies:
    "@babel/types" "^7.8.3"
    jsesc "^2.5.1"
    lodash "^4.17.13"
    source-map "^0.5.0"

"@babel/helper-function-name@^7.8.3":
  version "7.8.3"
  resolved "https://registry.yarnpkg.com/@babel/helper-function-name/-/helper-function-name-7.8.3.tgz#eeeb665a01b1f11068e9fb86ad56a1cb1a824cca"
  integrity sha512-BCxgX1BC2hD/oBlIFUgOCQDOPV8nSINxCwM3o93xP4P9Fq6aV5sgv2cOOITDMtCfQ+3PvHp3l689XZvAM9QyOA==
  dependencies:
    "@babel/helper-get-function-arity" "^7.8.3"
    "@babel/template" "^7.8.3"
    "@babel/types" "^7.8.3"

"@babel/helper-get-function-arity@^7.8.3":
  version "7.8.3"
  resolved "https://registry.yarnpkg.com/@babel/helper-get-function-arity/-/helper-get-function-arity-7.8.3.tgz#b894b947bd004381ce63ea1db9f08547e920abd5"
  integrity sha512-FVDR+Gd9iLjUMY1fzE2SR0IuaJToR4RkCDARVfsBBPSP53GEqSFjD8gNyxg246VUyc/ALRxFaAK8rVG7UT7xRA==
  dependencies:
    "@babel/types" "^7.8.3"

"@babel/helper-plugin-utils@^7.0.0", "@babel/helper-plugin-utils@^7.8.0":
  version "7.8.3"
  resolved "https://registry.yarnpkg.com/@babel/helper-plugin-utils/-/helper-plugin-utils-7.8.3.tgz#9ea293be19babc0f52ff8ca88b34c3611b208670"
  integrity sha512-j+fq49Xds2smCUNYmEHF9kGNkhbet6yVIBp4e6oeQpH1RUs/Ir06xUKzDjDkGcaaokPiTNs2JBWHjaE4csUkZQ==

"@babel/helper-split-export-declaration@^7.8.3":
  version "7.8.3"
  resolved "https://registry.yarnpkg.com/@babel/helper-split-export-declaration/-/helper-split-export-declaration-7.8.3.tgz#31a9f30070f91368a7182cf05f831781065fc7a9"
  integrity sha512-3x3yOeyBhW851hroze7ElzdkeRXQYQbFIb7gLK1WQYsw2GWDay5gAJNw1sWJ0VFP6z5J1whqeXH/WCdCjZv6dA==
  dependencies:
    "@babel/types" "^7.8.3"

"@babel/helpers@^7.8.3":
  version "7.8.3"
  resolved "https://registry.yarnpkg.com/@babel/helpers/-/helpers-7.8.3.tgz#382fbb0382ce7c4ce905945ab9641d688336ce85"
  integrity sha512-LmU3q9Pah/XyZU89QvBgGt+BCsTPoQa+73RxAQh8fb8qkDyIfeQnmgs+hvzhTCKTzqOyk7JTkS3MS1S8Mq5yrQ==
  dependencies:
    "@babel/template" "^7.8.3"
    "@babel/traverse" "^7.8.3"
    "@babel/types" "^7.8.3"

"@babel/highlight@^7.8.3":
  version "7.8.3"
  resolved "https://registry.yarnpkg.com/@babel/highlight/-/highlight-7.8.3.tgz#28f173d04223eaaa59bc1d439a3836e6d1265797"
  integrity sha512-PX4y5xQUvy0fnEVHrYOarRPXVWafSjTW9T0Hab8gVIawpl2Sj0ORyrygANq+KjcNlSSTw0YCLSNA8OyZ1I4yEg==
  dependencies:
    chalk "^2.0.0"
    esutils "^2.0.2"
    js-tokens "^4.0.0"

"@babel/parser@^7.1.0", "@babel/parser@^7.4.3", "@babel/parser@^7.8.3":
  version "7.8.3"
  resolved "https://registry.yarnpkg.com/@babel/parser/-/parser-7.8.3.tgz#790874091d2001c9be6ec426c2eed47bc7679081"
  integrity sha512-/V72F4Yp/qmHaTALizEm9Gf2eQHV3QyTL3K0cNfijwnMnb1L+LDlAubb/ZnSdGAVzVSWakujHYs1I26x66sMeQ==

"@babel/plugin-syntax-object-rest-spread@^7.0.0":
  version "7.8.3"
  resolved "https://registry.yarnpkg.com/@babel/plugin-syntax-object-rest-spread/-/plugin-syntax-object-rest-spread-7.8.3.tgz#60e225edcbd98a640332a2e72dd3e66f1af55871"
  integrity sha512-XoqMijGZb9y3y2XskN+P1wUGiVwWZ5JmoDRwx5+3GmEplNyVM2s2Dg8ILFQm8rWM48orGy5YpI5Bl8U1y7ydlA==
  dependencies:
    "@babel/helper-plugin-utils" "^7.8.0"

"@babel/template@^7.4.0", "@babel/template@^7.8.3":
  version "7.8.3"
  resolved "https://registry.yarnpkg.com/@babel/template/-/template-7.8.3.tgz#e02ad04fe262a657809327f578056ca15fd4d1b8"
  integrity sha512-04m87AcQgAFdvuoyiQ2kgELr2tV8B4fP/xJAVUL3Yb3bkNdMedD3d0rlSQr3PegP0cms3eHjl1F7PWlvWbU8FQ==
  dependencies:
    "@babel/code-frame" "^7.8.3"
    "@babel/parser" "^7.8.3"
    "@babel/types" "^7.8.3"

"@babel/traverse@^7.1.0", "@babel/traverse@^7.4.3", "@babel/traverse@^7.8.3":
  version "7.8.3"
  resolved "https://registry.yarnpkg.com/@babel/traverse/-/traverse-7.8.3.tgz#a826215b011c9b4f73f3a893afbc05151358bf9a"
  integrity sha512-we+a2lti+eEImHmEXp7bM9cTxGzxPmBiVJlLVD+FuuQMeeO7RaDbutbgeheDkw+Xe3mCfJHnGOWLswT74m2IPg==
  dependencies:
    "@babel/code-frame" "^7.8.3"
    "@babel/generator" "^7.8.3"
    "@babel/helper-function-name" "^7.8.3"
    "@babel/helper-split-export-declaration" "^7.8.3"
    "@babel/parser" "^7.8.3"
    "@babel/types" "^7.8.3"
    debug "^4.1.0"
    globals "^11.1.0"
    lodash "^4.17.13"

"@babel/types@^7.0.0", "@babel/types@^7.3.0", "@babel/types@^7.4.0", "@babel/types@^7.8.3":
  version "7.8.3"
  resolved "https://registry.yarnpkg.com/@babel/types/-/types-7.8.3.tgz#5a383dffa5416db1b73dedffd311ffd0788fb31c"
  integrity sha512-jBD+G8+LWpMBBWvVcdr4QysjUE4mU/syrhN17o1u3gx0/WzJB1kwiVZAXRtWbsIPOwW8pF/YJV5+nmetPzepXg==
  dependencies:
    esutils "^2.0.2"
    lodash "^4.17.13"
    to-fast-properties "^2.0.0"

"@bottender/express@^1.4.0":
  version "1.4.0"
  resolved "https://registry.yarnpkg.com/@bottender/express/-/express-1.4.0.tgz#47dd92a924e6d26aea81385fbc6d851392603270"
  integrity sha512-vmsrp1wlfHqFHzv0t2AE1y/4hd/2rdB++Y54+XwJtZlYj1uPQb5dLwo8Ii1Pi23OOMVH/d4Qg0acD2KeK0xhDg==
  dependencies:
    "@types/body-parser" "^1.19.0"
    "@types/express" "^4.17.2"
    "@types/lodash" "^4.14.149"
    body-parser "^1.19.0"
    express "^4.17.1"
    lodash "^4.17.15"

"@cnakazawa/watch@^1.0.3":
  version "1.0.3"
  resolved "https://registry.yarnpkg.com/@cnakazawa/watch/-/watch-1.0.3.tgz#099139eaec7ebf07a27c1786a3ff64f39464d2ef"
  integrity sha512-r5160ogAvGyHsal38Kux7YYtodEKOj89RGb28ht1jh3SJb08VwRwAKKJL0bGb04Zd/3r9FL3BFIc3bBidYffCA==
  dependencies:
    exec-sh "^0.3.2"
    minimist "^1.2.0"

"@hapi/address@2.x.x":
  version "2.1.4"
  resolved "https://registry.yarnpkg.com/@hapi/address/-/address-2.1.4.tgz#5d67ed43f3fd41a69d4b9ff7b56e7c0d1d0a81e5"
  integrity sha512-QD1PhQk+s31P1ixsX0H0Suoupp3VMXzIVMSwobR3F3MSUO2YCV0B7xqLcUw/Bh8yuvd3LhpyqLQWTNcRmp6IdQ==

"@hapi/bourne@1.x.x":
  version "1.3.2"
  resolved "https://registry.yarnpkg.com/@hapi/bourne/-/bourne-1.3.2.tgz#0a7095adea067243ce3283e1b56b8a8f453b242a"
  integrity sha512-1dVNHT76Uu5N3eJNTYcvxee+jzX4Z9lfciqRRHCU27ihbUcYi+iSc2iml5Ke1LXe1SyJCLA0+14Jh4tXJgOppA==

"@hapi/hoek@8.x.x", "@hapi/hoek@^8.3.0":
  version "8.5.0"
  resolved "https://registry.yarnpkg.com/@hapi/hoek/-/hoek-8.5.0.tgz#2f9ce301c8898e1c3248b0a8564696b24d1a9a5a"
  integrity sha512-7XYT10CZfPsH7j9F1Jmg1+d0ezOux2oM2GfArAzLwWe4mE2Dr3hVjsAL6+TFY49RRJlCdJDMw3nJsLFroTc8Kw==

"@hapi/joi@^15.1.1":
  version "15.1.1"
  resolved "https://registry.yarnpkg.com/@hapi/joi/-/joi-15.1.1.tgz#c675b8a71296f02833f8d6d243b34c57b8ce19d7"
  integrity sha512-entf8ZMOK8sc+8YfeOlM8pCfg3b5+WZIKBfUaaJT8UsjAAPjartzxIYm3TIbjvA4u+u++KbcXD38k682nVHDAQ==
  dependencies:
    "@hapi/address" "2.x.x"
    "@hapi/bourne" "1.x.x"
    "@hapi/hoek" "8.x.x"
    "@hapi/topo" "3.x.x"

"@hapi/topo@3.x.x":
  version "3.1.6"
  resolved "https://registry.yarnpkg.com/@hapi/topo/-/topo-3.1.6.tgz#68d935fa3eae7fdd5ab0d7f953f3205d8b2bfc29"
  integrity sha512-tAag0jEcjwH+P2quUfipd7liWCNX2F8NvYjQp2wtInsZxnMlypdw0FtAOLxtvvkO+GSRRbmNi8m/5y42PQJYCQ==
  dependencies:
    "@hapi/hoek" "^8.3.0"

"@jest/console@^24.7.1", "@jest/console@^24.9.0":
  version "24.9.0"
  resolved "https://registry.yarnpkg.com/@jest/console/-/console-24.9.0.tgz#79b1bc06fb74a8cfb01cbdedf945584b1b9707f0"
  integrity sha512-Zuj6b8TnKXi3q4ymac8EQfc3ea/uhLeCGThFqXeC8H9/raaH8ARPUTdId+XyGd03Z4In0/VjD2OYFcBF09fNLQ==
  dependencies:
    "@jest/source-map" "^24.9.0"
    chalk "^2.0.1"
    slash "^2.0.0"

"@jest/core@^24.9.0":
  version "24.9.0"
  resolved "https://registry.yarnpkg.com/@jest/core/-/core-24.9.0.tgz#2ceccd0b93181f9c4850e74f2a9ad43d351369c4"
  integrity sha512-Fogg3s4wlAr1VX7q+rhV9RVnUv5tD7VuWfYy1+whMiWUrvl7U3QJSJyWcDio9Lq2prqYsZaeTv2Rz24pWGkJ2A==
  dependencies:
    "@jest/console" "^24.7.1"
    "@jest/reporters" "^24.9.0"
    "@jest/test-result" "^24.9.0"
    "@jest/transform" "^24.9.0"
    "@jest/types" "^24.9.0"
    ansi-escapes "^3.0.0"
    chalk "^2.0.1"
    exit "^0.1.2"
    graceful-fs "^4.1.15"
    jest-changed-files "^24.9.0"
    jest-config "^24.9.0"
    jest-haste-map "^24.9.0"
    jest-message-util "^24.9.0"
    jest-regex-util "^24.3.0"
    jest-resolve "^24.9.0"
    jest-resolve-dependencies "^24.9.0"
    jest-runner "^24.9.0"
    jest-runtime "^24.9.0"
    jest-snapshot "^24.9.0"
    jest-util "^24.9.0"
    jest-validate "^24.9.0"
    jest-watcher "^24.9.0"
    micromatch "^3.1.10"
    p-each-series "^1.0.0"
    realpath-native "^1.1.0"
    rimraf "^2.5.4"
    slash "^2.0.0"
    strip-ansi "^5.0.0"

"@jest/environment@^24.9.0":
  version "24.9.0"
  resolved "https://registry.yarnpkg.com/@jest/environment/-/environment-24.9.0.tgz#21e3afa2d65c0586cbd6cbefe208bafade44ab18"
  integrity sha512-5A1QluTPhvdIPFYnO3sZC3smkNeXPVELz7ikPbhUj0bQjB07EoE9qtLrem14ZUYWdVayYbsjVwIiL4WBIMV4aQ==
  dependencies:
    "@jest/fake-timers" "^24.9.0"
    "@jest/transform" "^24.9.0"
    "@jest/types" "^24.9.0"
    jest-mock "^24.9.0"

"@jest/fake-timers@^24.9.0":
  version "24.9.0"
  resolved "https://registry.yarnpkg.com/@jest/fake-timers/-/fake-timers-24.9.0.tgz#ba3e6bf0eecd09a636049896434d306636540c93"
  integrity sha512-eWQcNa2YSwzXWIMC5KufBh3oWRIijrQFROsIqt6v/NS9Io/gknw1jsAC9c+ih/RQX4A3O7SeWAhQeN0goKhT9A==
  dependencies:
    "@jest/types" "^24.9.0"
    jest-message-util "^24.9.0"
    jest-mock "^24.9.0"

"@jest/reporters@^24.9.0":
  version "24.9.0"
  resolved "https://registry.yarnpkg.com/@jest/reporters/-/reporters-24.9.0.tgz#86660eff8e2b9661d042a8e98a028b8d631a5b43"
  integrity sha512-mu4X0yjaHrffOsWmVLzitKmmmWSQ3GGuefgNscUSWNiUNcEOSEQk9k3pERKEQVBb0Cnn88+UESIsZEMH3o88Gw==
  dependencies:
    "@jest/environment" "^24.9.0"
    "@jest/test-result" "^24.9.0"
    "@jest/transform" "^24.9.0"
    "@jest/types" "^24.9.0"
    chalk "^2.0.1"
    exit "^0.1.2"
    glob "^7.1.2"
    istanbul-lib-coverage "^2.0.2"
    istanbul-lib-instrument "^3.0.1"
    istanbul-lib-report "^2.0.4"
    istanbul-lib-source-maps "^3.0.1"
    istanbul-reports "^2.2.6"
    jest-haste-map "^24.9.0"
    jest-resolve "^24.9.0"
    jest-runtime "^24.9.0"
    jest-util "^24.9.0"
    jest-worker "^24.6.0"
    node-notifier "^5.4.2"
    slash "^2.0.0"
    source-map "^0.6.0"
    string-length "^2.0.0"

"@jest/source-map@^24.3.0", "@jest/source-map@^24.9.0":
  version "24.9.0"
  resolved "https://registry.yarnpkg.com/@jest/source-map/-/source-map-24.9.0.tgz#0e263a94430be4b41da683ccc1e6bffe2a191714"
  integrity sha512-/Xw7xGlsZb4MJzNDgB7PW5crou5JqWiBQaz6xyPd3ArOg2nfn/PunV8+olXbbEZzNl591o5rWKE9BRDaFAuIBg==
  dependencies:
    callsites "^3.0.0"
    graceful-fs "^4.1.15"
    source-map "^0.6.0"

"@jest/test-result@^24.9.0":
  version "24.9.0"
  resolved "https://registry.yarnpkg.com/@jest/test-result/-/test-result-24.9.0.tgz#11796e8aa9dbf88ea025757b3152595ad06ba0ca"
  integrity sha512-XEFrHbBonBJ8dGp2JmF8kP/nQI/ImPpygKHwQ/SY+es59Z3L5PI4Qb9TQQMAEeYsThG1xF0k6tmG0tIKATNiiA==
  dependencies:
    "@jest/console" "^24.9.0"
    "@jest/types" "^24.9.0"
    "@types/istanbul-lib-coverage" "^2.0.0"

"@jest/test-sequencer@^24.9.0":
  version "24.9.0"
  resolved "https://registry.yarnpkg.com/@jest/test-sequencer/-/test-sequencer-24.9.0.tgz#f8f334f35b625a4f2f355f2fe7e6036dad2e6b31"
  integrity sha512-6qqsU4o0kW1dvA95qfNog8v8gkRN9ph6Lz7r96IvZpHdNipP2cBcb07J1Z45mz/VIS01OHJ3pY8T5fUY38tg4A==
  dependencies:
    "@jest/test-result" "^24.9.0"
    jest-haste-map "^24.9.0"
    jest-runner "^24.9.0"
    jest-runtime "^24.9.0"

"@jest/transform@^24.9.0":
  version "24.9.0"
  resolved "https://registry.yarnpkg.com/@jest/transform/-/transform-24.9.0.tgz#4ae2768b296553fadab09e9ec119543c90b16c56"
  integrity sha512-TcQUmyNRxV94S0QpMOnZl0++6RMiqpbH/ZMccFB/amku6Uwvyb1cjYX7xkp5nGNkbX4QPH/FcB6q1HBTHynLmQ==
  dependencies:
    "@babel/core" "^7.1.0"
    "@jest/types" "^24.9.0"
    babel-plugin-istanbul "^5.1.0"
    chalk "^2.0.1"
    convert-source-map "^1.4.0"
    fast-json-stable-stringify "^2.0.0"
    graceful-fs "^4.1.15"
    jest-haste-map "^24.9.0"
    jest-regex-util "^24.9.0"
    jest-util "^24.9.0"
    micromatch "^3.1.10"
    pirates "^4.0.1"
    realpath-native "^1.1.0"
    slash "^2.0.0"
    source-map "^0.6.1"
    write-file-atomic "2.4.1"

"@jest/types@^24.9.0":
  version "24.9.0"
  resolved "https://registry.yarnpkg.com/@jest/types/-/types-24.9.0.tgz#63cb26cb7500d069e5a389441a7c6ab5e909fc59"
  integrity sha512-XKK7ze1apu5JWQ5eZjHITP66AX+QsLlbaJRBGYr8pNzwcAE2JVkwnf0yqjHTsDRcjR0mujy/NmZMXw5kl+kGBw==
  dependencies:
    "@types/istanbul-lib-coverage" "^2.0.0"
    "@types/istanbul-reports" "^1.1.1"
    "@types/yargs" "^13.0.0"

"@sindresorhus/is@^0.14.0":
  version "0.14.0"
  resolved "https://registry.yarnpkg.com/@sindresorhus/is/-/is-0.14.0.tgz#9fb3a3cf3132328151f353de4632e01e52102bea"
  integrity sha512-9NET910DNaIPngYnLLPeg+Ogzqsi9uM4mSboU5y6p8S5DzMTVEsJZrawi+BoDNUVBa2DhJqQYUFvMDfgU062LQ==

"@slack/logger@>=1.0.0 <3.0.0":
  version "2.0.0"
  resolved "https://registry.yarnpkg.com/@slack/logger/-/logger-2.0.0.tgz#6a4e1c755849bc0f66dac08a8be54ce790ec0e6b"
  integrity sha512-OkIJpiU2fz6HOJujhlhfIGrc8hB4ibqtf7nnbJQDerG0BqwZCfmgtK5sWzZ0TkXVRBKD5MpLrTmCYyMxoMCgPw==
  dependencies:
    "@types/node" ">=8.9.0"

"@slack/logger@^1.0.0":
  version "1.1.1"
  resolved "https://registry.yarnpkg.com/@slack/logger/-/logger-1.1.1.tgz#5cb0658abcd2c4ec39ecf04348ba4764b9f68e00"
  integrity sha512-PAC5CMnNAv/FPtJ0le+YD2wUV+tZ7n3Bnjj9dBI+deIcHsExCnQkQmZE79cLvfuYXbz3PWyv5coti30MJQhEjA==
  dependencies:
    "@types/node" ">=8.9.0"

"@slack/rtm-api@^5.0.3":
  version "5.0.3"
  resolved "https://registry.yarnpkg.com/@slack/rtm-api/-/rtm-api-5.0.3.tgz#05b60d1655a05e377d6044dbfdf65602ca6bacf1"
  integrity sha512-rzNIFst8iuVYyHdE7e3KSrbAtIA7sfS4Pth9ObKUm5KDemX0zyI7YfAijO1kgr1EMriQkjlpKBhlNq9Y+aQr6g==
  dependencies:
    "@slack/logger" "^1.0.0"
    "@slack/web-api" "^5.1.0"
    "@types/node" ">=8.9.0"
    "@types/p-queue" "^2.3.2"
    "@types/ws" "^5.1.1"
    eventemitter3 "^3.1.0"
    finity "^0.5.4"
    p-cancelable "^1.1.0"
    p-queue "^2.4.2"
    ws "^5.2.0"

"@slack/types@^1.2.1":
  version "1.3.0"
  resolved "https://registry.yarnpkg.com/@slack/types/-/types-1.3.0.tgz#ea71916449ce7cb79fc57ce756743abfeba0f752"
  integrity sha512-3AjHsDJjJKT3q0hQzFHQN7piYIh99LuN7Po56W/R6P/uscqZqwS5xm1U1cTYGIzk8fmsuW7TvWVg0W85hKY/MQ==

"@slack/web-api@^5.1.0":
  version "5.6.0"
  resolved "https://registry.yarnpkg.com/@slack/web-api/-/web-api-5.6.0.tgz#22511740d5a01b214f271e9233eccb8b067e1c88"
  integrity sha512-/HxTI9/4fMk3su1UAa7oN0n8fGSZLHXGUne3WJ+vjxGek2rvvzazqL6yTRWWWcpttPtsNyjk4KI9FkPq+6yLNg==
  dependencies:
    "@slack/logger" ">=1.0.0 <3.0.0"
    "@slack/types" "^1.2.1"
    "@types/is-stream" "^1.1.0"
    "@types/node" ">=8.9.0"
    "@types/p-queue" "^2.3.2"
    axios "^0.18.0"
    eventemitter3 "^3.1.0"
    form-data "^2.5.0"
    is-stream "^1.1.0"
    p-queue "^2.4.2"
    p-retry "^4.0.0"

"@szmarczak/http-timer@^1.1.2":
  version "1.1.2"
  resolved "https://registry.yarnpkg.com/@szmarczak/http-timer/-/http-timer-1.1.2.tgz#b1665e2c461a2cd92f4c1bbf50d5454de0d4b421"
  integrity sha512-XIB2XbzHTN6ieIjfIMV9hlVcfPU26s2vafYWQcZHWXHOxiaRZYEDKEwdl129Zyg50+foYV2jCgtrqSA6qNuNSA==
  dependencies:
    defer-to-connect "^1.0.1"

"@tokenizer/token@^0.1.0", "@tokenizer/token@^0.1.1":
  version "0.1.1"
  resolved "https://registry.yarnpkg.com/@tokenizer/token/-/token-0.1.1.tgz#f0d92c12f87079ddfd1b29f614758b9696bc29e3"
  integrity sha512-XO6INPbZCxdprl+9qa/AAbFFOMzzwqYxpjPgLICrMD6C2FCw6qfJOPcBk6JqqPLSaZ/Qx87qn4rpPmPMwaAK6w==

"@types/babel__core@^7.1.0":
  version "7.1.3"
  resolved "https://registry.yarnpkg.com/@types/babel__core/-/babel__core-7.1.3.tgz#e441ea7df63cd080dfcd02ab199e6d16a735fc30"
  integrity sha512-8fBo0UR2CcwWxeX7WIIgJ7lXjasFxoYgRnFHUj+hRvKkpi