# THIS IS AN AUTOGENERATED FILE. DO NOT EDIT THIS FILE DIRECTLY.
# yarn lockfile v1


"@babel/code-frame@^7.0.0", "@babel/code-frame@^7.8.3":
  version "7.8.3"
  resolved "https://registry.yarnpkg.com/@babel/code-frame/-/code-frame-7.8.3.tgz#33e25903d7481181534e12ec0a25f16b6fcf419e"
  integrity sha512-a9gxpmdXtZEInkCSHUJDLHZVBgb1QS0jhss4cPP93EW7s+uC5bikET2twEF3KV+7rDblJcmNvTR7VJejqd2C2g==
  dependencies:
    "@babel/highlight" "^7.8.3"

"@babel/core@^7.1.0":
  version "7.8.3"
  resolved "https://registry.yarnpkg.com/@babel/core/-/core-7.8.3.tgz#30b0ebb4dd1585de6923a0b4d179e0b9f5d82941"
  integrity sha512-4XFkf8AwyrEG7Ziu3L2L0Cv+WyY47Tcsp70JFmpftbAA1K7YL/sgE9jh9HyNj08Y/U50ItUchpN0w6HxAoX1rA==
  dependencies:
    "@babel/code-frame" "^7.8.3"
    "@babel/generator" "^7.8.3"
    "@babel/helpers" "^7.8.3"
    "@babel/parser" "^7.8.3"
    "@babel/template" "^7.8.3"
    "@babel/traverse" "^7.8.3"
    "@babel/types" "^7.8.3"
    convert-source-map "^1.7.0"
    debug "^4.1.0"
    gensync "^1.0.0-beta.1"
    json5 "^2.1.0"
    lodash "^4.17.13"
    resolve "^1.3.2"
    semver "^5.4.1"
    source-map "^0.5.0"

"@babel/generator@^7.4.0", "@babel/generator@^7.8.3":
  version "7.8.3"
  resolved "https://registry.yarnpkg.com/@babel/generator/-/generator-7.8.3.tgz#0e22c005b0a94c1c74eafe19ef78ce53a4d45c03"
  integrity sha512-WjoPk8hRpDRqqzRpvaR8/gDUPkrnOOeuT2m8cNICJtZH6mwaCo3v0OKMI7Y6SM1pBtyijnLtAL0HDi41pf41ug==
  dependencies:
    "@babel/types" "^7.8.3"
    jsesc "^2.5.1"
    lodash "^4.17.13"
    source-map "^0.5.0"

"@babel/helper-function-name@^7.8.3":
  version "7.8.3"
  resolved "https://registry.yarnpkg.com/@babel/helper-function-name/-/helper-function-name-7.8.3.tgz#eeeb665a01b1f11068e9fb86ad56a1cb1a824cca"
  integrity sha512-BCxgX1BC2hD/oBlIFUgOCQDOPV8nSINxCwM3o93xP4P9Fq6aV5sgv2cOOITDMtCfQ+3PvHp3l689XZvAM9QyOA==
  dependencies:
    "@babel/helper-get-function-arity" "^7.8.3"
    "@babel/template" "^7.8.3"
    "@babel/types" "^7.8.3"

"@babel/helper-get-function-arity@^7.8.3":
  version "7.8.3"
  resolved "https://registry.yarnpkg.com/@babel/helper-get-function-arity/-/helper-get-function-arity-7.8.3.tgz#b894b947bd004381ce63ea1db9f08547e920abd5"
  integrity sha512-FVDR+Gd9iLjUMY1fzE2SR0IuaJToR4RkCDARVfsBBPSP53GEqSFjD8gNyxg246VUyc/ALRxFaAK8rVG7UT7xRA==
  dependencies:
    "@babel/types" "^7.8.3"

"@babel/helper-plugin-utils@^7.0.0", "@babel/helper-plugin-utils@^7.8.0":
  version "7.8.3"
  resolved "https://registry.yarnpkg.com/@babel/helper-plugin-utils/-/helper-plugin-utils-7.8.3.tgz#9ea293be19babc0f52ff8ca88b34c3611b208670"
  integrity sha512-j+fq49Xds2smCUNYmEHF9kGNkhbet6yVIBp4e6oeQpH1RUs/Ir06xUKzDjDkGcaaokPiTNs2JBWHjaE4csUkZQ==

"@babel/helper-split-export-declaration@^7.8.3":
  version "7.8.3"
  resolved "https://registry.yarnpkg.com/@babel/helper-split-export-declaration/-/helper-split-export-declaration-7.8.3.tgz#31a9f30070f91368a7182cf05f831781065fc7a9"
  integrity sha512-3x3yOeyBhW851hroze7ElzdkeRXQYQbFIb7gLK1WQYsw2GWDay5gAJNw1sWJ0VFP6z5J1whqeXH/WCdCjZv6dA==
  dependencies:
    "@babel/types" "^7.8.3"

"@babel/helpers@^7.8.3":
  version "7.8.3"
  resolved "https://registry.yarnpkg.com/@babel/helpers/-/helpers-7.8.3.tgz#382fbb0382ce7c4ce905945ab9641d688336ce85"
  integrity sha512-LmU3q9Pah/XyZU89QvBgGt+BCsTPoQa+73RxAQh8fb8qkDyIfeQnmgs+hvzhTCKTzqOyk7JTkS3MS1S8Mq5yrQ==
  dependencies:
    "@babel/template" "^7.8.3"
    "@babel/traverse" "^7.8.3"
    "@babel/types" "^7.8.3"

"@babel/highlight@^7.8.3":
  version "7.8.3"
  resolved "https://registry.yarnpkg.com/@babel/highlight/-/highlight-7.8.3.tgz#28f173d04223eaaa59bc1d439a3836e6d1265797"
  integrity sha512-PX4y5xQUvy0fnEVHrYOarRPXVWafSjTW9T0Hab8gVIawpl2Sj0ORyrygANq+KjcNlSSTw0YCLSNA8OyZ1I4yEg==
  dependencies:
    chalk "^2.0.0"
    esutils "^2.0.2"
    js-tokens "^4.0.0"

"@babel/parser@^7.1.0", "@babel/parser@^7.4.3", "@babel/parser@^7.8.3":
  version "7.8.3"
  resolved "https://registry.yarnpkg.com/@babel/parser/-/parser-7.8.3.tgz#790874091d2001c9be6ec426c2eed47bc7679081"
  integrity sha512-/V72F4Yp/qmHaTALizEm9Gf2eQHV3QyTL3K0cNfijwnMnb1L+LDlAubb/ZnSdGAVzVSWakujHYs1I26x66sMeQ==

"@babel/plugin-syntax-object-rest-spread@^7.0.0":
  version "7.8.3"
  resolved "https://registry.yarnpkg.com/@babel/plugin-syntax-object-rest-spread/-/plugin-syntax-object-rest-spread-7.8.3.tgz#60e225edcbd98a640332a2e72dd3e66f1af55871"
  integrity sha512-XoqMijGZb9y3y2XskN+P1wUGiVwWZ5JmoDRwx5+3GmEplNyVM2s2Dg8ILFQm8rWM48orGy5YpI5Bl8U1y7ydlA==
  dependencies:
    "@babel/helper-plugin-utils" "^7.8.0"

"@babel/template@^7.4.0", "@babel/template@^7.8.3":
  version "7.8.3"
  resolved "https://registry.yarnpkg.com/@babel/template/-/template-7.8.3.tgz#e02ad04fe262a657809327f578056ca15fd4d1b8"
  integrity sha512-04m87AcQgAFdvuoyiQ2kgELr2tV8B4fP/xJAVUL3Yb3bkNdMedD3d0rlSQr3PegP0cms3eHjl1F7PWlvWbU8FQ==
  dependencies:
    "@babel/code-frame" "^7.8.3"
    "@babel/parser" "^7.8.3"
    "@babel/types" "^7.8.3"

"@babel/traverse@^7.1.0", "@babel/traverse@^7.4.3", "@babel/traverse@^7.8.3":
  version "7.8.3"
  resolved "https://registry.yarnpkg.com/@babel/traverse/-/traverse-7.8.3.tgz#a826215b011c9b4f73f3a893afbc05151358bf9a"
  integrity sha512-we+a2lti+eEImHmEXp7bM9cTxGzxPmBiVJlLVD+FuuQMeeO7RaDbutbgeheDkw+Xe3mCfJHnGOWLswT74m2IPg==
  dependencies:
    "@babel/code-frame" "^7.8.3"
    "@babel/generator" "^7.8.3"
    "@babel/helper-function-name" "^7.8.3"
    "@babel/helper-split-export-declaration" "^7.8.3"
    "@babel/parser" "^7.8.3"
    "@babel/types" "^7.8.3"
    debug "^4.1.0"
    globals "^11.1.0"
    lodash "^4.17.13"

"@babel/types@^7.0.0", "@babel/types@^7.3.0", "@babel/types@^7.4.0", "@babel/types@^7.8.3":
  version "7.8.3"
  resolved "https://registry.yarnpkg.com/@babel/types/-/types-7.8.3.tgz#5a383dffa5416db1b73dedffd311ffd0788fb31c"
  integrity sha512-jBD+G8+LWpMBBWvVcdr4QysjUE4mU/syrhN17o1u3gx0/WzJB1kwiVZAXRtWbsIPOwW8pF/YJV5+nmetPzepXg==
  dependencies:
    esutils "^2.0.2"
    lodash "^4.17.13"
    to-fast-properties "^2.0.0"

"@bottender/express@^1.4.0":
  version "1.4.0"
  resolved "https://registry.yarnpkg.com/@bottender/express/-/express-1.4.0.tgz#47dd92a924e6d26aea81385fbc6d851392603270"
  integrity sha512-vmsrp1wlfHqFHzv0t2AE1y/4hd/2rdB++Y54+XwJtZlYj1uPQb5dLwo8Ii1Pi23OOMVH/d4Qg0acD2KeK0xhDg==
  dependencies:
    "@types/body-parser" "^1.19.0"
    "@types/express" "^4.17.2"
    "@types/lodash" "^4.14.149"
    body-parser "^1.19.0"
    express "^4.17.1"
    lodash "^4.17.15"

"@cnakazawa/watch@^1.0.3":
  version "1.0.3"
  resolved "https://registry.yarnpkg.com/@cnakazawa/watch/-/watch-1.0.3.tgz#099139eaec7ebf07a27c1786a3ff64f39464d2ef"
  integrity sha512-r5160ogAvGyHsal38Kux7YYtodEKOj89RGb28ht1jh3SJb08VwRwAKKJL0bGb04Zd/3r9FL3BFIc3bBidYffCA==
  dependencies:
    exec-sh "^0.3.2"
    minimist "^1.2.0"

"@hapi/address@2.x.x":
  version "2.1.4"
  resolved "https://registry.yarnpkg.com/@hapi/address/-/address-2.1.4.tgz#5d67ed43f3fd41a69d4b9ff7b56e7c0d1d0a81e5"
  integrity sha512-QD1PhQk+s31P1ixsX0H0Suoupp3VMXzIVMSwobR3F3MSUO2YCV0B7xqLcUw/Bh8yuvd3LhpyqLQWTNcRmp6IdQ==

"@hapi/bourne@1.x.x":
  version "1.3.2"
  resolved "https://registry.yarnpkg.com/@hap