# THIS IS AN AUTOGENERATED FILE. DO NOT EDIT THIS FILE DIRECTLY.
# yarn lockfile v1


"@babel/code-frame@^7.0.0", "@babel/code-frame@^7.8.3":
  version "7.8.3"
  resolved "https://registry.yarnpkg.com/@babel/code-frame/-/code-frame-7.8.3.tgz#33e25903d7481181534e12ec0a25f16b6fcf419e"
  integrity sha512-a9gxpmdXtZEInkCSHUJDLHZVBgb1QS0jhss4cPP93EW7s+uC5bikET2twEF3KV+7rDblJcmNvTR7VJejqd2C2g==
  dependencies:
    "@babel/highlight" "^7.8.3"

"@babel/core@^7.1.0":
  version "7.8.3"
  resolved "https://registry.yarnpkg.com/@babel/core/-/core-7.8.3.tgz#30b0ebb4dd1585de6923a0b4d179e0b9f5d82941"
  integrity sha512-4XFkf8AwyrEG7Ziu3L2L0Cv+WyY47Tcsp70JFmpftbAA1K7YL/sgE9jh9HyNj08Y/U50ItUchpN0w6HxAoX1rA==
  dependencies:
    "@babel/code-frame" "^7.8.3"
    "@babel/generator" "^7.8.3"
    "@babel/helpers" "^7.8.3"
    "@babel/parser" "^7.8.3"
    "@babel/template" "^7.8.3"
    "@babel/traverse" "^7.8.3"
    "@babel/types" "^7.8.3"
    convert-source-map "^1.7.0"
    debug "^4.1.0"
    gensync "^1.0.0-beta.1"
    json5 "^2.1.0"
    lodash "^4.17.13"
    resolve "^1.3.2"
    semver "^5.4.1"
    source-map "^0.5.0"

"@babel/generator@^7.4.0", "@babel/generator@^7.8.3":
  version "7.8.3"
  resolved "https://registry.yarnpkg.com/@babel/generator/-/generator-7.8.3.tgz#0e22c005b0a94c1c74eafe19ef78ce53a4d45c03"
  integrity sha512-WjoPk8hRpDRqqzRpvaR8/gDUPkrnOOeuT2m8cNICJtZH6mwaCo3v0OKMI7Y6SM1pBtyijnLtAL0HDi41pf41ug==
  dependencies:
    "@babel/types" "^7.8.3"
    jsesc "^2.5.1"
    lodash "^4.17.13"
    source-map "^0.5.0"

"@babel/helper-function-name@^7.8.3":
  version "7.8.3"
  resolved "https://registry.yarnpkg.com/@babel/helper-function-name/-/helper-function-name-7.8.3.tgz#eeeb665a01b1f11068e9fb86ad56a1cb1a824cca"
  integrity sha512-BCxgX1BC2hD/oBlIFUgOCQDOPV8nSINxCwM3o93xP4P9Fq6aV5sgv2cOOITDMtCfQ+3PvHp3l689XZvAM9QyOA==
  dependencies:
    "@babel/helper-get-function-arity" "^7.8.3"
    "@babel/template" "^7.8.3"
    "@babel/types" "^7.8.3"

"@babel/helper-get-function-arity@^7.8